
Microsoft Visual Studio Solution File, Format Version 12.00
# Visual Studio Version 16
VisualStudioVersion = 16.0.809.0
MinimumVisualStudioVersion = 10.0.40219.1
Project("{FAE04EC0-301F-11D3-BF4B-00C04F79EFBC}") = "dining-out.WebUI", "dining-out\dining-out.WebUI.csproj", "{0252D707-0A96-4566-B9A9-6E538BE5BD24}"
EndProject
Project("{FAE04EC0-301F-11D3-BF4B-00C04F79EFBC}") = "dining-out.Models", "dining-out.Models\dining-out.Models.csproj", "{539960CE-A4A9-498B-9BDA-EFE717CF1665}"
EndProject
Project("{FAE04EC0-301F-11D3-BF4B-00C04F79EFBC}") = "dining-out.Utility", "dining-out.Utility\dining-out.Utility.csproj", "{40586A96-7867-41AE-A098-DA82711E40AE}"
EndProject
Global
	GlobalSection(SolutionConfigurationPlatforms) = preSolution
		Debug|Any CPU = Debug|Any CPU
		Release|Any CPU = Release|Any CPU
	EndGlobalSection
	GlobalSection(ProjectConfigurationPlatforms) = postSolution
		{0252D707-0A96-4566-B9A9-6E538BE5BD24}.Debug|Any CPU.ActiveCfg = Debug|Any CPU
		{0252D707-0A96-4566-B9A9-6E538BE5BD24}.Debug|Any CPU.Build.0 = Debug|Any CPU
		{0252D707-0A96-4566-B9A9-6E538BE5BD24}.Release|Any CPU.ActiveCfg = Release|Any CPU
		{0252D707-0A96-4566-B9A9-6E538BE5BD24}.Release|Any CPU.Build.0 = Release|Any CPU
		{539960CE-A4A9-498B-9BDA-EFE717CF1665}.Debug|Any CPU.ActiveCfg = Debug|Any CPU
		{539960CE-A4A9-498B-9BDA-EFE717CF1665}.Debug|Any CPU.Build.0 = Debug|Any CPU
		{539960CE-A4A9-498B-9BDA-EFE717CF1665}.Release|Any CPU.ActiveCfg = Release|Any CPU
		{539960CE-A4A9-498B-9BDA-EFE717CF1665}.Release|Any CPU.Build.0 = Release|Any CPU
		{40586A96-7867-41AE-A098-DA82711E40AE}.Debug|Any CPU.ActiveCfg = Debug|Any CPU
		{40586A96-7867-41AE-A098-DA82711E40AE}.Debug|Any CPU.Build.0 = Debug|Any CPU
		{40586A96-7867-41AE-A098-DA82711E40AE}.Release|Any CPU.ActiveCfg = Release|Any CPU
		{40586A96-7867-41AE-A098-DA82711E40AE}.Release|Any CPU.Build.0 = Release|Any CPU
	EndGlobalSection
	GlobalSection(SolutionProperties) = preSolution
		HideSolutionNode = FALSE
	EndGlobalSection
	GlobalSection(ExtensibilityGlobals) = postSolution
		SolutionGuid = {128BC838-E70B-482A-B8B8-6CE370756E57}
	EndGlobalSection
EndGlobal
